
Microsoft Visual Studio Solution File, Format Version 12.00
# Visual Studio 14
VisualStudioVersion = 14.0.25420.1
MinimumVisualStudioVersion = 10.0.40219.1
Project("{FAE04EC0-301F-11D3-BF4B-00C04F79EFBC}") = "TvTube.Search", "TvTube.Search\TvTube.Search.csproj", "{732F4825-5D3F-4D52-92EC-329BAF7A8953}"
EndProject
Global
	GlobalSection(SolutionConfigurationPlatforms) = preSolution
		Debug|Any CPU = Debug|Any CPU
		Release|Any CPU = Release|Any CPU
	EndGlobalSection
	GlobalSection(ProjectConfigurationPlatforms) = postSolution
		{732F4825-5D3F-4D52-92EC-329BAF7A8953}.Debug|Any CPU.ActiveCfg = Debug|Any CPU
		{732F4825-5D3F-4D52-92EC-329BAF7A8953}.Debug|Any CPU.Build.0 = Debug|Any CPU
		{732F4825-5D3F-4D52-92EC-329BAF7A8953}.Release|Any CPU.ActiveCfg = Release|Any CPU
		{732F4825-5D3F-4D52-92EC-329BAF7A8953}.Release|Any CPU.Build.0 = Release|Any CPU
	EndGlobalSection
	GlobalSection(SolutionProperties) = preSolution
		HideSolutionNode = FALSE
	EndGlobalSection
EndGlobal
